{
    "_meta": {
        "hash": {
            "sha256": "0e3a8280d93c34b548cb86d5a3c6928d9366a6042d23210b880ce566fee0b08f"
        },
        "pipfile-spec": 6,
        "requires": {
            "python_version": "3.10"
        },
        "sources": [
            {
                "name": "pypi",
                "url": "https://pypi.org/simple",
                "verify_ssl": true
            }
        ]
    },
    "default": {
        "altgraph": {
            "hashes": [
                "sha256:ad33358114df7c9416cdb8fa1eaa5852166c505118717021c6a8c7c7abbd03dd",
                "sha256:c8ac1ca6772207179ed8003ce7687757c04b0b71536f81e2ac5755c6226458fe"
            ],
            "version": "==0.17.3"
        },
        "et-xmlfile": {
            "hashes": [
                "sha256:8eb9e2bc2f8c97e37a2dc85a09ecdcdec9d8a396530a6d5a33b30b9a92da0c5c",
                "sha256:a2ba85d1d6a74ef63837eed693bcb89c3f752169b0e3e7ae5b16ca5e1b3deada"
            ],
            "markers": "python_version >= '3.6'",
            "version": "==1.1.0"
        },
        "numpy": {
            "hashes": [
                "sha256:0d60fbae8e0019865fc4784745814cff1c421df5afee233db6d88ab4f14655a2",
                "sha256:1a1329e26f46230bf77b02cc19e900db9b52f398d6722ca853349a782d4cff55",
                "sha256:1b9735c27cea5d995496f46a8b1cd7b408b3f34b6d50459d9ac8fe3a20cc17bf",
                "sha256:2792d23d62ec51e50ce4d4b7d73de8f67a2fd3ea710dcbc8563a51a03fb07b01",
                "sha256:3e0746410e73384e70d286f93abf2520035250aad8c5714240b0492a7302fdca",
                "sha256:4c3abc71e8b6edba80a01a52e66d83c5d14433cbcd26a40c329ec7ed09f37901",
                "sha256:5883c06bb92f2e6c8181df7b39971a5fb436288db58b5a1c3967702d4278691d",
                "sha256:5c97325a0ba6f9d041feb9390924614b60b99209a71a69c876f71052521d42a4",
                "sha256:60e7f0f7f6d0eee8364b9a6304c2845b9c491ac706048c7e8cf47b83123b8dbf",
                "sha256:76b4115d42a7dfc5d485d358728cdd8719be33cc5ec6ec08632a5d6fca2ed380",
                "sha256:7dc869c0c75988e1c693d0e2d5b26034644399dd929bc049db55395b1379e044",
                "sha256:834b386f2b8210dca38c71a6e0f4fd6922f7d3fcff935dbe3a570945acb1b545",
                "sha256:8b77775f4b7df768967a7c8b3567e309f617dd5e99aeb886fa14dc1a0791141f",
                "sha256:90319e4f002795ccfc9050110bbbaa16c944b1c37c0baeea43c5fb881693ae1f",
                "sha256:b79e513d7aac42ae918db3ad1341a015488530d0bb2a6abcbdd10a3a829ccfd3",
                "sha256:bb33d5a1cf360304754913a350edda36d5b8c5331a8237268c48f91253c3a364",
                "sha256:bec1e7213c7cb00d67093247f8c4db156fd03075f49876957dca4711306d39c9",
                "sha256:c5462d19336db4560041517dbb7759c21d181a67cb01b36ca109b2ae37d32418",
                "sha256:c5652ea24d33585ea39eb6a6a15dac87a1206a692719ff45d53c5282e66d4a8f",
                "sha256:d7806500e4f5bdd04095e849265e55de20d8cc4b661b038957354327f6d9b295",
                "sha256:db3ccc4e37a6873045580d413fe79b68e47a681af8db2e046f1dacfa11f86eb3",
                "sha256:dfe4a913e29b418d096e696ddd422d8a5d13ffba4ea91f9f60440a3b759b0187",
                "sha256:eb942bfb6f84df5ce05dbf4b46673ffed0d3da59f13635ea9b926af3deb76926",
                "sha256:f08f2e037bba04e707eebf4bc934f1972a315c883a9e0ebfa8a7756eabf9e357",
                "sha256:fd608e19c8d7c55021dffd43bfe5492fab8cc105cc8986f813f8c3c048b38760"
            ],
            "markers": "python_version >= '3.10'",
            "version": "==1.25.2"
        },
        "openpyxl": {
            "hashes": [
                "sha256:a6f5977418eff3b2d5500d54d9db50c8277a368436f4e4f8ddb1be3422870184",
                "sha256:f91456ead12ab3c6c2e9491cf33ba6d08357d802192379bb482f1033ade496f5"
            ],
            "index": "pypi",
            "version": "==3.1.2"
        },
        "pandas": {
            "hashes": [
                "sha256:04dbdbaf2e4d46ca8da896e1805bc04eb85caa9a82e259e8eed00254d5e0c682",
                "sha256:1168574b036cd8b93abc746171c9b4f1b83467438a5e45909fed645cf8692dbc",
                "sha256:1994c789bf12a7c5098277fb43836ce090f1073858c10f9220998ac74f37c69b",
                "sha256:258d3624b3ae734490e4d63c430256e716f488c4fcb7c8e9bde2d3aa46c29089",
                "sha256:32fca2ee1b0d93dd71d979726b12b61faa06aeb93cf77468776287f41ff8fdc5",
                "sha256:37673e3bdf1551b95bf5d4ce372b37770f9529743d2498032439371fc7b7eb26",
                "sha256:3ef285093b4fe5058eefd756100a367f27029913760773c8bf1d2d8bebe5d210",
                "sha256:5247fb1ba347c1261cbbf0fcfba4a3121fbb4029d95d9ef4dc45406620b25c8b",
                "sha256:5ec591c48e29226bcbb316e0c1e9423622bc7a4eaf1ef7c3c9fa1a3981f89641",
                "sha256:694888a81198786f0e164ee3a581df7d505024fbb1f15202fc7db88a71d84ebd",
                "sha256:69d7f3884c95da3a31ef82b7618af5710dba95bb885ffab339aad925c3e8ce78",
                "sha256:6a21ab5c89dcbd57f78d0ae16630b090eec626360085a4148693def5452d8a6b",
                "sha256:81af086f4543c9d8bb128328b5d32e9986e0c84d3ee673a2ac6fb57fd14f755e",
                "sha256:9e4da0d45e7f34c069fe4d522359df7d23badf83abc1d1cef398895822d11061",
                "sha256:9eae3dc34fa1aa7772dd3fc60270d13ced7346fcbcfee017d3132ec625e23bb0",
                "sha256:9ee1a69328d5c36c98d8e74db06f4ad518a1840e8ccb94a4ba86920986bb617e",
                "sha256:b084b91d8d66ab19f5bb3256cbd5ea661848338301940e17f4492b2ce0801fe8",
                "sha256:b9cb1e14fdb546396b7e1b923ffaeeac24e4cedd14266c3497216dd4448e4f2d",
                "sha256:ba619e410a21d8c387a1ea6e8a0e49bb42216474436245718d7f2e88a2f8d7c0",
                "sha256:c02f372a88e0d17f36d3093a644c73cfc1788e876a7c4bcb4020a77512e2043c",
                "sha256:ce0c6f76a0f1ba361551f3e6dceaff06bde7514a374aa43e33b588ec10420183",
                "sha256:d9cd88488cceb7635aebb84809d087468eb33551097d600c6dad13602029c2df",
                "sha256:e4c7c9f27a4185304c7caf96dc7d91bc60bc162221152de697c98eb0b2648dd8",
                "sha256:f167beed68918d62bffb6ec64f2e1d8a7d297a038f86d4aed056b9493fca407f",
                "sha256:f3421a7afb1a43f7e38e82e844e2bca9a6d793d66c1a7f9f0ff39a795bbc5e02"
            ],
            "index": "pypi",
            "version": "==2.0.3"
        },
        "pefile": {
            "hashes": [
                "sha256:82e6114004b3d6911c77c3953e3838654b04511b8b66e8583db70c65998017dc",
                "sha256:da185cd2af68c08a6cd4481f7325ed600a88f6a813bad9dea07ab3ef73d8d8d6"
            ],
            "markers": "sys_platform == 'win32'",
            "version": "==2023.2.7"
        },
        "pyinstaller": {
            "hashes": [
                "sha256:0df43697c4914285ecd333be968d2cd042ab9b2670124879ee87931d2344eaf5",
                "sha256:1fde4381155f21d6354dc450dcaa338cd8a40aaacf6bd22b987b0f3e1f96f3ee",
                "sha256:24009eba63cfdbcde6d2634e9c87f545eb67249ddf3b514e0cd3b2cdaa595828",
                "sha256:28d9742c37e9fb518444b12f8c8ab3cb4ba212d752693c34475c08009aa21ccf",
                "sha256:2d03419904d1c25c8968b0ad21da0e0f33d8d65716e29481b5bd83f7f342b0c5",
                "sha256:3a331951f9744bc2379ea5d65d36f3c828eaefe2785f15039592cdc08560b262",
                "sha256:5e446df41255e815017d96318e39f65a3eb807e74a796c7e7ff7f13b6366a2e9",
                "sha256:78975043edeb628e23a73fb3ef0a273cda50e765f1716f75212ea3e91b09dede",
                "sha256:7fdd319828de679f9c5e381eff998ee9b4164bf4457e7fca56946701cf002c3f",
                "sha256:9fc27c5a853b14a90d39c252707673c7a0efec921cd817169aff3af0fca8c127",
                "sha256:cd7d5c06f2847195a23d72ede17c60857d6f495d6f0727dc6c9bc1235f2eb79c",
                "sha256:e5fb17de6c325d3b2b4ceaeb55130ad7100a79096490e4c5b890224406fa42f4"
            ],
            "index": "pypi",
            "version": "==5.13.0"
        },
        "pyinstaller-hooks-contrib": {
            "hashes": [
                "sha256:596a72009d8692b043e0acbf5e1b476d93149900142ba01845dded91a0770cb5",
                "sha256:aa6d7d038814df6aa7bec7bdbebc7cb4c693d3398df858f6062957f0797d397b"
            ],
            "markers": "python_version >= '3.7'",
            "version": "==2023.6"
        },
        "python-dateutil": {
            "hashes": [
                "sha256:0123cacc1627ae19ddf3c27a5de5bd67ee4586fbdd6440d9748f8abb483d3e86",
                "sha256:961d03dc3453ebbc59dbdea9e4e11c5651520a876d0f4db161e8674aae935da9"
            ],
            "markers": "python_version >= '2.7' and python_version not in '3.0, 3.1, 3.2, 3.3'",
            "version": "==2.8.2"
        },
        "pytz": {
            "hashes": [
                "sha256:1d8ce29db189191fb55338ee6d0387d82ab59f3d00eac103412d64e0ebd0c588",
                "sha256:a151b3abb88eda1d4e34a9814df37de2a80e301e68ba0fd856fb9b46bfbbbffb"
            ],
            "version": "==2023.3"
        },
        "pywin32-ctypes": {
            "hashes": [
                "sha256:3426e063bdd5fd4df74a14fa3cf80a0b42845a87e1d1e81f6549f9daec593a60",
                "sha256:bf490a1a709baf35d688fe0ecf980ed4de11d2b3e37b51e5442587a75d9957e7"
            ],
            "markers": "sys_platform == 'win32'",
            "version": "==0.2.2"
        },
        "setuptools": {
            "hashes": [
                "sha256:d59c97e7b774979a5ccb96388efc9eb65518004537e85d52e81eaee89ab6dd91",
                "sha256:e13e1b0bc760e9b0127eda042845999b2f913e12437046e663b833aa96d89715"
            ],
            "markers": "python_version >= '3.8'",
            "version": "==68.1.0"
        },
        "six": {
            "hashes": [
                "sha256:1e61c37477a1626458e36f7b1d82aa5c9b094fa4802892072e49de9c60c4c926",
                "sha256:8abb2f1d86890a2dfb989f9a77cfcfd3e47c2a354b01111771326f8aa26e0254"
            ],
            "markers": "python_version >= '2.7' and python_version not in '3.0, 3.1, 3.2, 3.3'",
            "version": "==1.16.0"
        },
        "tzdata": {
            "hashes": [
                "sha256:11ef1e08e54acb0d4f95bdb1be05da659673de4acbd21bf9c69e94cc5e907a3a",
                "sha256:7e65763eef3120314099b6939b5546db7adce1e7d6f2e179e3df563c70511eda"
            ],
            "markers": "python_version >= '2'",
            "version": "==2023.3"
        },
        "xlsxwriter": {
            "hashes": [
                "sha256:331508ff39d610ecdaf979e458840bc1eab6e6a02cfd5d08f044f0f73636236f",
                "sha256:78751099a770273f1c98b8d6643351f68f98ae8e6acf9d09d37dc6798f8cd3de"
            ],
            "index": "pypi",
            "version": "==3.1.2"
        }
    },
    "develop": {}
}
